Microsoft Visual Studio Solution File, Format Version 12.00
# Visual Studio Version 17
VisualStudioVersion = 17.5.2.0
MinimumVisualStudioVersion = 10.0.40219.1
Project("{FAE04EC0-301F-11D3-BF4B-00C04F79EFBC}") = "Personajes", "Personajes.csproj", "{821219CB-5F70-0508-B52D-1DC1FCE89B71}"
EndProject
Global
	GlobalSection(SolutionConfigurationPlatforms) = preSolution
		Debug|Any CPU = Debug|Any CPU
		Release|Any CPU = Release|Any CPU
	EndGlobalSection
	GlobalSection(ProjectConfigurationPlatforms) = postSolution
		{821219CB-5F70-0508-B52D-1DC1FCE89B71}.Debug|Any CPU.ActiveCfg = Debug|Any CPU
		{821219CB-5F70-0508-B52D-1DC1FCE89B71}.Debug|Any CPU.Build.0 = Debug|Any CPU
		{821219CB-5F70-0508-B52D-1DC1FCE89B71}.Release|Any CPU.ActiveCfg = Release|Any CPU
		{821219CB-5F70-0508-B52D-1DC1FCE89B71}.Release|Any CPU.Build.0 = Release|Any CPU
	EndGlobalSection
	GlobalSection(SolutionProperties) = preSolution
		HideSolutionNode = FALSE
	EndGlobalSection
	GlobalSection(ExtensibilityGlobals) = postSolution
		SolutionGuid = {90A3DF1B-5484-4694-9891-BE7B10146C60}
	EndGlobalSection
EndGlobal
